
Microsoft Visual Studio Solution File, Format Version 12.00
Project("{FAE04EC0-301F-11D3-BF4B-00C04F79EFBC}") = "WhiteLagoon.Web", "WhiteLagoon.Web\WhiteLagoon.Web.csproj", "{1EB74059-57A0-4ED2-B506-D67D9A867E32}"
EndProject
Global
	GlobalSection(SolutionConfigurationPlatforms) = preSolution
		Debug|Any CPU = Debug|Any CPU
		Release|Any CPU = Release|Any CPU
	EndGlobalSection
	GlobalSection(ProjectConfigurationPlatforms) = postSolution
		{1EB74059-57A0-4ED2-B506-D67D9A867E32}.Debug|Any CPU.ActiveCfg = Debug|Any CPU
		{1EB74059-57A0-4ED2-B506-D67D9A867E32}.Debug|Any CPU.Build.0 = Debug|Any CPU
		{1EB74059-57A0-4ED2-B506-D67D9A867E32}.Release|Any CPU.ActiveCfg = Release|Any CPU
		{1EB74059-57A0-4ED2-B506-D67D9A867E32}.Release|Any CPU.Build.0 = Release|Any CPU
	EndGlobalSection
EndGlobal
